
Microsoft Visual Studio Solution File, Format Version 12.00
# Visual Studio Version 16
VisualStudioVersion = 16.0.30309.148
MinimumVisualStudioVersion = 10.0.40219.1
Project("{FAE04EC0-301F-11D3-BF4B-00C04F79EFBC}") = "App3.UWP", "App3\App3.UWP\App3.UWP.csproj", "{E5473ECD-8D6E-4A77-AF8C-14EAFC1A58C6}"
EndProject
Project("{FAE04EC0-301F-11D3-BF4B-00C04F79EFBC}") = "App3.Android", "App3\App3.Android\App3.Android.csproj", "{35B65489-36B0-4AC3-8C99-64EBA191CEE8}"
EndProject
Project("{FAE04EC0-301F-11D3-BF4B-00C04F79EFBC}") = "App3.iOS", "App3\App3.iOS\App3.iOS.csproj", "{DB93E730-76B8-488C-A985-63A1F8A970E8}"
EndProject
Project("{FAE04EC0-301F-11D3-BF4B-00C04F79EFBC}") = "App3", "App3\App3\App3.csproj", "{E162A7C5-C789-4ECA-BF77-0C56264F687A}"
EndProject
Global
	GlobalSection(SolutionConfigurationPlatforms) = preSolution
		Debug|Any CPU = Debug|Any CPU
		Debug|ARM = Debug|ARM
		Debug|iPhone = Debug|iPhone
		Debug|iPhoneSimulator = Debug|iPhoneSimulator
		Debug|x64 = Debug|x64
		Debug|x86 = Debug|x86
		Release|Any CPU = Release|Any CPU
		Release|ARM = Release|ARM
		Release|iPhone = Release|iPhone
		Release|iPhoneSimulator = Release|iPhoneSimulator
		Release|x64 = Release|x64
		Release|x86 = Release|x86
	EndGlobalSection
	GlobalSection(ProjectConfigurationPlatforms) = postSolution
		{E5473ECD-8D6E-4A77-AF8C-14EAFC1A58C6}.Debug|Any CPU.ActiveCfg = Debug|x86
		{E5473ECD-8D6E-4A77-AF8C-14EAFC1A58C6}.Debug|Any CPU.Build.0 = Debug|x86
		{E5473ECD-8D6E-4A77-AF8C-14EAFC1A58C6}.Debug|Any CPU.Deploy.0 = Debug|x86
		{E5473ECD-8D6E-4A77-AF8C-14EAFC1A58C6}.Debug|ARM.ActiveCfg = Debug|ARM
		{E5473ECD-8D6E-4A77-AF8C-14EAFC1A58C6}.Debug|ARM.Build.0 = Debug|ARM
		{E5473ECD-8D6E-4A77-AF8C-14EAFC1A58C6}.Debug|ARM.Deploy.0 = Debug|ARM
		{E5473ECD-8D6E-4A77-AF8C-14EAFC1A58C6}.Debug|iPhone.ActiveCfg = Debug|x86
		{E5473ECD-8D6E-4A77-AF8C-14EAFC1A58C6}.Debug|iPhone.Build.0 = Debug|x86
		{E5473ECD-8D6E-4A77-AF8C-14EAFC1A58C6}.Debug|iPhone.Deploy.0 = Debug|x86
		{E5473ECD-8D6E-4A77-AF8C-14EAFC1A58C6}.Debug|iPhoneSimulator.ActiveCfg = Debug|x86
		{E5473ECD-8D6E-4A77-AF8C-14EAFC1A58C6}.Debug|iPhoneSimulator.Build.0 = Debug|x86
		{E5473ECD-8D6E-4A77-AF8C-14EAFC1A58C6}.Debug|iPhoneSimulator.Deploy.0 = Debug|x86
		{E5473ECD-8D6E-4A77-AF8C-14EAFC1A58C6}.Debug|x64.ActiveCfg = Debug|x64
		{E5473ECD-8D6E-4A77-AF8C-14EAFC1A58C6}.Debug|x64.Build.0 = Debug|x64
		{E5473ECD-8D6E-4A77-AF8C-14EAFC1A58C6}.Debug|x64.Deploy.0 = Debug|x64
		{E5473ECD-8D6E-4A77-AF8C-14EAFC1A58C6}.Debug|x86.ActiveCfg = Debug|x86
		{E5473ECD-8D6E-4A77-AF8C-14EAFC1A58C6}.Debug|x86.Build.0 = Debug|x86
		{E5473ECD-8D6E-4A77-AF8C-14EAFC1A58C6}.Debug|x86.Deploy.0 = Debug|x86
		{E5473ECD-8D6E-4A77-AF8C-14EAFC1A58C6}.Release|Any CPU.ActiveCfg = Release|x86
		{E5473ECD-8D6E-4A77-AF8C-14EAFC1A58C6}.Release|Any CPU.Build.0 = Release|x86
		{E5473ECD-8D6E-4A77-AF8C-14EAFC1A58C6}.Release|Any CPU.Deploy.0 = Release|x86
		{E5473ECD-8D6E-4A77-AF8C-14EAFC1A58C6}.Release|ARM.ActiveCfg = Release|ARM
		{E5473ECD-8D6E-4A77-AF8C-14EAFC1A58C6}.Release|ARM.Build.0 = Release|ARM
		{E5473ECD-8D6E-4A77-AF8C-14EAFC1A58C6}.Release|ARM.Deploy.0 = Release|ARM
		{E5473ECD-8D6E-4A77-AF8C-14EAFC1A58C6}.Release|iPhone.ActiveCfg = Release|x86
		{E5473ECD-8D6E-4A77-AF8C-14EAFC1A58C6}.Release|iPhone.Build.0 = Release|x86
		{E5473ECD-8D6E-4A77-AF8C-14EAFC1A58C6}.Release|iPhone.Deploy.0 = Release|x86
		{E5473ECD-8D6E-4A77-AF8C-14EAFC1A58C6}.Release|iPhoneSimulator.ActiveCfg = Release|x86
		{E5473ECD-8D6E-4A77-AF8C-14EAFC1A58C6}.Release|iPhoneSimulator.Build.0 = Release|x86
		{E5473ECD-8D6E-4A77-AF8C-14EAFC1A58C6}.Release|iPhoneSimulator.Deploy.0 = Release|x86
		{E5473ECD-8D6E-4A77-AF8C-14EAFC1A58C6}.Release|x64.ActiveCfg = Release|x64
		{E5473ECD-8D6E-4A77-AF8C-14EAFC1A58C6}.Release|x64.Build.0 = Release|x64
		{E5473ECD-8D6E-4A77-AF8C-14EAFC1A58C6}.Release|x64.Deploy.0 = Release|x64
		{E5473ECD-8D6E-4A77-AF8C-14EAFC1A58C6}.Release|x86.ActiveCfg = Release|x86
		{E5473ECD-8D6E-4A77-AF8C-14EAFC1A58C6}.Release|x86.Build.0 = Release|x86
		{E5473ECD-8D6E-4A77-AF8C-14EAFC1A58C6}.Release|x86.Deploy.0 = Release|x86
		{35B65489-36B0-4AC3-8C99-64EBA191CEE8}.Debug|Any CPU.ActiveCfg = Debug|Any CPU
		{35B65489-36B0-4AC3-8C99-64EBA191CEE8}.Debug|Any CPU.Build.0 = Debug|Any CPU
		{35B65489-36B0-4AC3-8C99-64EBA191CEE8}.Debug|Any CPU.Deploy.0 = Debug|Any CPU
		{35B65489-36B0-4AC3-8C99-64EBA191CEE8}.Debug|ARM.ActiveCfg = Debug|Any CPU
		{35B65489-36B0-4AC3-8C99-64EBA191CEE8}.Debug|ARM.Build.0 = Debug|Any CPU
		{35B65489-36B0-4AC3-8C99-64EBA191CEE8}.Debug|ARM.Deploy.0 = Debug|Any CPU
		{35B65489-36B0-4AC3-8C99-64EBA191CEE8}.Debug|iPhone.ActiveCfg = Debug|Any CPU
		{35B65489-36B0-4AC3-8C99-64EBA191CEE8}.Debug|iPhone.Build.0 = Debug|Any CPU
		{35B65489-36B0-4AC3-8C99-64EBA191CEE8}.Debug|iPhone.Deploy.0 = Debug|Any CPU
		{35B65489-36B0-4AC3-8C99-64EBA191CEE8}.Debug|iPhoneSimulator.ActiveCfg = Debug|Any CPU
		{35B65489-36B0-4AC3-8C99-64EBA191CEE8}.Debug|iPhoneSimulator.Build.0 = Debug|Any CPU
		{35B65489-36B0-4AC3-8C99-64EBA191CEE8}.Debug|iPhoneSimulator.Deploy.0 = Debug|Any CPU
		{35B65489-36B0-4AC3-8C99-64EBA191CEE8}.Debug|x64.ActiveCfg = Debug|Any CPU
		{35B65489-36B0-4AC3-8C99-64EBA191CEE8}.Debug|x64.Build.0 = Debug|Any CPU
		{35B65489-36B0-4AC3-8C99-64EBA191CEE8}.Debug|x64.Deploy.0 = Debug|Any CPU
		{35B65489-36B0-4AC3-8C99-64EBA191CEE8}.Debug|x86.ActiveCfg = Debug|Any CPU
		{35B65489-36B0-4AC3-8C99-64EBA191CEE8}.Debug|x86.Build.0 = Debug|Any CPU
		{35B65489-36B0-4AC3-8C99-64EBA191CEE8}.Debug|x86.Deploy.0 = Debug|Any CPU
		{35B65489-36B0-4AC3-8C99-64EBA191CEE8}.Release|Any CPU.ActiveCfg = Release|Any CPU
		{35B65489-36B0-4AC3-8C99-64EBA191CEE8}.Release|Any CPU.Build.0 = Release|Any CPU
		{35B65489-36B0-4AC3-8C99-64EBA191CEE8}.Release|Any CPU.Deploy.0 = Release|Any CPU
		{35B65489-36B0-4AC3-8C99-64EBA191CEE8}.Release|ARM.ActiveCfg = Release|Any CPU
		{35B65489-36B0-4AC3-8C99-64EBA191CEE8}.Release|ARM.Build.0 = Release|Any CPU
		{35B65489-36B0-4AC3-8C99-64EBA191CEE8}.Release|ARM.Deploy.0 = Release|Any CPU
		{35B65489-36B0-4AC3-8C99-64EBA191CEE8}.Release|iPhone.ActiveCfg = Release|Any CPU
		{35B65489-36B0-4AC3-8C99-64EBA191CEE8}.Release|iPhone.Build.0 = Release|Any CPU
		{35B65489-36B0-4AC3-8C99-64EBA191CEE8}.Release|iPhone.Deploy.0 = Release|Any CPU
		{35B65489-36B0-4AC3-8C99-64EBA191CEE8}.Release|iPhoneSimulator.ActiveCfg = Release|Any CPU
		{35B65489-36B0-4AC3-8C99-64EBA191CEE8}.Release|iPhoneSimulator.Build.0 = Release|Any CPU
		{35B65489-36B0-4AC3-8C99-64EBA191CEE8}.Release|iPhoneSimulator.Deploy.0 = Release|Any CPU
		{35B65489-36B0-4AC3-8C99-64EBA191CEE8}.Release|x64.ActiveCfg = Release|Any CPU
		{35B65489-36B0-4AC3-8C99-64EBA191CEE8}.Release|x64.Build.0 = Release|Any CPU
		{35B65489-36B0-4AC3-8C99-64EBA191CEE8}.Release|x64.Deploy.0 = Release|Any CPU
		{35B65489-36B0-4AC3-8C99-64EBA191CEE8}.Release|x86.ActiveCfg = Release|Any CPU
		{35B65489-36B0-4AC3-8C99-64EBA191CEE8}.Release|x86.Build.0 = Release|Any CPU
		{35B65489-36B0-4AC3-8C99-64EBA191CEE8}.Release|x86.Deploy.0 = Release|Any CPU
		{DB93E730-76B8-488C-A985-63A1F8A970E8}.Debug|Any CPU.ActiveCfg = Debug|iPhone
		{DB93E730-76B8-488C-A985-63A1F8A970E8}.Debug|Any CPU.Build.0 = Debug|iPhone
		{DB93E730-76B8-488C-A985-63A1F8A970E8}.Debug|Any CPU.Deploy.0 = Debug|iPhone
		{DB93E730-76B8-488C-A985-63A1F8A970E8}.Debug|ARM.ActiveCfg = Debug|iPhone
		{DB93E730-76B8-488C-A985-63A1F8A970E8}.Debug|ARM.Build.0 = Debug|iPhone
		{DB93E730-76B8-488C-A985-63A1F8A970E8}.Debug|ARM.Deploy.0 = Debug|iPhone
		{DB93E730-76B8-488C-A985-63A1F8A970E8}.Debug|iPhone.ActiveCfg = Debug|iPhone
		{DB93E730-76B8-488C-A985-63A1F8A970E8}.Debug|iPhone.Build.0 = Debug|iPhone
		{DB93E730-76B8-488C-A985-63A1F8A970E8}.Debug|iPhone.Deploy.0 = Debug|iPhone
		{DB93E730-76B8-488C-A985-63A1F8A970E8}.Debug|iPhoneSimulator.ActiveCfg = Debug|iPhoneSimulator
		{DB93E730-76B8-488C-A985-63A1F8A970E8}.Debug|iPhoneSimulator.Build.0 = Debug|iPhoneSimulator
		{DB93E730-76B8-488C-A985-63A1F8A970E8}.Debug|iPhoneSimulator.Deploy.0 = Debug|iPhoneSimulator
		{DB93E730-76B8-488C-A985-63A1F8A970E8}.Debug|x64.ActiveCfg = Debug|iPhone
		{DB93E730-76B8-488C-A985-63A1F8A970E8}.Debug|x64.Build.0 = Debug|iPhone
		{DB93E730-76B8-488C-A985-63A1F8A970E8}.Debug|x64.Deploy.0 = Debug|iPhone
		{DB93E730-76B8-488C-A985-63A1F8A970E8}.Debug|x86.ActiveCfg = Debug|iPhone
		{DB93E730-76B8-488C-A985-63A1F8A970E8}.Debug|x86.Build.0 = Debug|iPhone
		{DB93E730-76B8-488C-A985-63A1F8A970E8}.Debug|x86.Deploy.0 = Debug|iPhone
		{DB93E730-76B8-488C-A985-63A1F8A970E8}.Release|Any CPU.ActiveCfg = Release|iPhone
		{DB93E730-76B8-488C-A985-63A1F8A970E8}.Release|Any CPU.Build.0 = Release|iPhone
		{DB93E730-76B8-488C-A985-63A1F8A970E8}.Release|Any CPU.Deploy.0 = Release|iPhone
		{DB93E730-76B8-488C-A985-63A1F8A970E8}.Release|ARM.ActiveCfg = Release|iPhone
		{DB93E730-76B8-488C-A985-63A1F8A970E8}.Release|ARM.Build.0 = Release|iPhone
		{DB93E730-76B8-488C-A985-63A1F8A970E8}.Release|ARM.Deploy.0 = Release|iPhone
		{DB93E730-76B8-488C-A985-63A1F8A970E8}.Release|iPhone.ActiveCfg = Release|iPhone
		{DB93E730-76B8-488C-A985-63A1F8A970E8}.Release|iPhone.Build.0 = Release|iPhone
		{DB93E730-76B8-488C-A985-63A1F8A970E8}.Release|iPhone.Deploy.0 = Release|iPhone
		{DB93E730-76B8-488C-A985-63A1F8A970E8}.Release|iPhoneSimulator.ActiveCfg = Release|iPhoneSimulator
		{DB93E730-76B8-488C-A985-63A1F8A970E8}.Release|iPhoneSimulator.Build.0 = Release|iPhoneSimulator
		{DB93E730-76B8-488C-A985-63A1F8A970E8}.Release|iPhoneSimulator.Deploy.0 = Release|iPhoneSimulator
		{DB93E730-76B8-488C-A985-63A1F8A970E8}.Release|x64.ActiveCfg = Release|iPhone
		{DB93E730-76B8-488C-A985-63A1F8A970E8}.Release|x64.Build.0 = Release|iPhone
		{DB93E730-76B8-488C-A985-63A1F8A970E8}.Release|x64.Deploy.0 = Release|iPhone
		{DB93E730-76B8-488C-A985-63A1F8A970E8}.Release|x86.ActiveCfg = Release|iPhone
		{DB93E730-76B8-488C-A985-63A1F8A970E8}.Release|x86.Build.0 = Release|iPhone
		{DB93E730-76B8-488C-A985-63A1F8A970E8}.Release|x86.Deploy.0 = Release|iPhone
		{E162A7C5-C789-4ECA-BF77-0C56264F687A}.Debug|Any CPU.ActiveCfg = Debug|Any CPU
		{E162A7C5-C789-4ECA-BF77-0C56264F687A}.Debug|Any CPU.Build.0 = Debug|Any CPU
		{E162A7C5-C789-4ECA-BF77-0C56264F687A}.Debug|Any CPU.Deploy.0 = Debug|Any CPU
		{E162A7C5-C789-4ECA-BF77-0C56264F687A}.Debug|ARM.ActiveCfg = Debug|Any CPU
		{E162A7C5-C789-4ECA-BF77-0C56264F687A}.Debug|ARM.Build.0 = Debug|Any CPU
		{E162A7C5-C789-4ECA-BF77-0C56264F687A}.Debug|ARM.Deploy.0 = Debug|Any CPU
		{E162A7C5-C789-4ECA-BF77-0C56264F687A}.Debug|iPhone.ActiveCfg = Debug|Any CPU
		{E162A7C5-C789-4ECA-BF77-0C56264F687A}.Debug|iPhone.Build.0 = Debug|Any CPU
		{E162A7C5-C789-4ECA-BF77-0C56264F687A}.Debug|iPhone.Deploy.0 = Debug|Any CPU
		{E162A7C5-C789-4ECA-BF77-0C56264F687A}.Debug|iPhoneSimulator.ActiveCfg = Debug|Any CPU
		{E162A7C5-C789-4ECA-BF77-0C56264F687A}.Debug|iPhoneSimulator.Build.0 = Debug|Any CPU
		{E162A7C5-C789-4ECA-BF77-0C56264F687A}.Debug|iPhoneSimulator.Deploy.0 = Debug|Any CPU
		{E162A7C5-C789-4ECA-BF77-0C56264F687A}.Debug|x64.ActiveCfg = Debug|Any CPU
		{E162A7C5-C789-4ECA-BF77-0C56264F687A}.Debug|x64.Build.0 = Debug|Any CPU
		{E162A7C5-C789-4ECA-BF77-0C56264F687A}.Debug|x64.Deploy.0 = Debug|Any CPU
		{E162A7C5-C789-4ECA-BF77-0C56264F687A}.Debug|x86.ActiveCfg = Debug|Any CPU
		{E162A7C5-C789-4ECA-BF77-0C56264F687A}.Debug|x86.Build.0 = Debug|Any CPU
		{E162A7C5-C789-4ECA-BF77-0C56264F687A}.Debug|x86.Deploy.0 = Debug|Any CPU
		{E162A7C5-C789-4ECA-BF77-0C56264F687A}.Release|Any CPU.ActiveCfg = Release|Any CPU
		{E162A7C5-C789-4ECA-BF77-0C56264F687A}.Release|Any CPU.Build.0 = Release|Any CPU
		{E162A7C5-C789-4ECA-BF77-0C56264F687A}.Release|Any CPU.Deploy.0 = Release|Any CPU
		{E162A7C5-C789-4ECA-BF77-0C56264F687A}.Release|ARM.ActiveCfg = Release|Any CPU
		{E162A7C5-C789-4ECA-BF77-0C56264F687A}.Release|ARM.Build.0 = Release|Any CPU
		{E162A7C5-C789-4ECA-BF77-0C56264F687A}.Release|ARM.Deploy.0 = Release|Any CPU
		{E162A7C5-C789-4ECA-BF77-0C56264F687A}.Release|iPhone.ActiveCfg = Release|Any CPU
		{E162A7C5-C789-4ECA-BF77-0C56264F687A}.Release|iPhone.Build.0 = Release|Any CPU
		{E162A7C5-C789-4ECA-BF77-0C56264F687A}.Release|iPhone.Deploy.0 = Release|Any CPU
		{E162A7C5-C789-4ECA-BF77-0C56264F687A}.Release|iPhoneSimulator.ActiveCfg = Release|Any CPU
		{E162A7C5-C789-4ECA-BF77-0C56264F687A}.Release|iPhoneSimulator.Build.0 = Release|Any CPU
		{E162A7C5-C789-4ECA-BF77-0C56264F687A}.Release|iPhoneSimulator.Deploy.0 = Release|Any CPU
		{E162A7C5-C789-4ECA-BF77-0C56264F687A}.Release|x64.ActiveCfg = Release|Any CPU
		{E162A7C5-C789-4ECA-BF77-0C56264F687A}.Release|x64.Build.0 = Release|Any CPU
		{E162A7C5-C789-4ECA-BF77-0C56264F687A}.Release|x64.Deploy.0 = Release|Any CPU
		{E162A7C5-C789-4ECA-BF77-0C56264F687A}.Release|x86.ActiveCfg = Release|Any CPU
		{E162A7C5-C789-4ECA-BF77-0C56264F687A}.Release|x86.Build.0 = Release|Any CPU
		{E162A7C5-C789-4ECA-BF77-0C56264F687A}.Release|x86.Deploy.0 = Release|Any CPU
	EndGlobalSection
	GlobalSection(SolutionProperties) = preSolution
		HideSolutionNode = FALSE
	EndGlobalSection
	GlobalSection(ExtensibilityGlobals) = postSolution
		SolutionGuid = {897FB013-515C-444B-8AB2-180EBDB0F598}
	EndGlobalSection
EndGlobal
